// !$*UTF8*$!
{
	archiveVersion = 1;
	classes = {
	};
	objectVersion = 46;
	objects = {

/* Begin PBXBuildFile section */
		33A0EB1C1D36CB8B00110B52 /* MorseDictionary.swift in Sources */ = {isa = PBXBuildFile; fileRef = 33A0EB1B1D36CB8B00110B52 /* MorseDictionary.swift */; };
		841C0FC81D34E2EE00110803 /* ExtensionsHelper.swift in Sources */ = {isa = PBXBuildFile; fileRef = 841C0FC71D34E2EE00110803 /* ExtensionsHelper.swift */; };
		841C0FCA1D35135900110803 /* Download.swift in Sources */ = {isa = PBXBuildFile; fileRef = 841C0FC91D35135900110803 /* Download.swift */; };
		841C0FCC1D351B8200110803 /* Player.swift in Sources */ = {isa = PBXBuildFile; fileRef = 841C0FCB1D351B8200110803 /* Player.swift */; };
		844823AB1D2FEA4C00EDB678 /* AppDelegate.swift in Sources */ = {isa = PBXBuildFile; fileRef = 844823AA1D2FEA4C00EDB678 /* AppDelegate.swift */; };
		844823C01D2FEA4C00EDB678 /* MVVM_FindSongTests.swift in Sources */ = {isa = PBXBuildFile; fileRef = 844823BF1D2FEA4C00EDB678 /* MVVM_FindSongTests.swift */; };
		844823CE1D2FEB4400EDB678 /* Song.swift in Sources */ = {isa = PBXBuildFile; fileRef = 844823CD1D2FEB4400EDB678 /* Song.swift */; };
		844823D01D2FEDA500EDB678 /* AppleSongSearch.swift in Sources */ = {isa = PBXBuildFile; fileRef = 844823CF1D2FEDA500EDB678 /* AppleSongSearch.swift */; };
		844823D21D2FEEC500EDB678 /* File in Resources */ = {isa = PBXBuildFile; fileRef = 844823D11D2FEEC500EDB678 /* File */; };
		844823D81D2FF44600EDB678 /* ListViewController.xib in Resources */ = {isa = PBXBuildFile; fileRef = 844823D71D2FF44600EDB678 /* ListViewController.xib */; };
		844823DA1D2FF47B00EDB678 /* ListViewController.swift in Sources */ = {isa = PBXBuildFile; fileRef = 844823D91D2FF47B00EDB678 /* ListViewController.swift */; };
		844823DC1D33859E00EDB678 /* Launch Screen.storyboard in Resources */ = {isa = PBXBuildFile; fileRef = 844823DB1D33859E00EDB678 /* Launch Screen.storyboard */; };
		844823E01D338B3100EDB678 /* SongCell.xib in Resources */ = {isa = PBXBuildFile; fileRef = 844823DF1D338B3100EDB678 /* SongCell.xib */; };
		844823E21D338B4700EDB678 /* SongCell.swift in Sources */ = {isa = PBXBuildFile; fileRef = 844823E11D338B4700EDB678 /* SongCell.swift */; };
		845DDAF41D36554500477F71 /* Media.xcassets in Resources */ = {isa = PBXBuildFile; fileRef = 845DDAF31D36554500477F71 /* Media.xcassets */; };
		849322211D33CFA000A0AF97 /* DetailViewController.swift in Sources */ = {isa = PBXBuildFile; fileRef = 849322201D33CFA000A0AF97 /* DetailViewController.swift */; };
		849322231D33CFB600A0AF97 /* DetailViewController.xib in Resources */ = {isa = PBXBuildFile; fileRef = 849322221D33CFB600A0AF97 /* DetailViewController.xib */; };
		84AE51C51D34DDA6003FCD2B /* defaultCover60.png in Resources */ = {isa = PBXBuildFile; fileRef = 84AE51C31D34DDA6003FCD2B /* defaultCover60.png */; };
		84AE51C61D34DDA6003FCD2B /* defaultCover200.png in Resources */ = {isa = PBXBuildFile; fileRef = 84AE51C41D34DDA6003FCD2B /* defaultCover200.png */; };
/* End PBXBuildFile section */

/* Begin PBXContainerItemProxy section */
		844823BC1D2FEA4C00EDB678 /* PBXContainerItemProxy */ = {
			isa = PBXContainerItemProxy;
			containerPortal = 8448239F1D2FEA4C00EDB678 /* Project object */;
			proxyType = 1;
			remoteGlobalIDString = 844823A61D2FEA4C00EDB678;
			remoteInfo = MVVM_FindSong;
		};
/* End PBXContainerItemProxy section */

/* Begin PBXFileReference section */
		33A0EB1B1D36CB8B00110B52 /* MorseDictionary.swift */ = {isa = PBXFileReference; fileEncoding = 4; lastKnownFileType = sourcecode.swift; path = MorseDictionary.swift; sourceTree = "<group>"; };
		841C0FC71D34E2EE00110803 /* ExtensionsHelper.swift */ = {isa = PBXFileReference; fileEncoding = 4; lastKnownFileType = sourcecode.swift; path = ExtensionsHelper.swift; sourceTree = "<group>"; };
		841C0FC91D35135900110803 /* Download.swift */ = {isa = PBXFileReference; fileEncoding = 4; lastKnownFileType = sourcecode.swift; path = Download.swift; sourceTree = "<group>"; };
		841C0FCB1D351B8200110803 /* Player.swift */ = {isa = PBXFileReference; fileEncoding = 4; lastKnownFileType = sourcecode.swift; path = Player.swift; sourceTree = "<group>"; };
		844823A71D2FEA4C00EDB678 /* MVVM_FindSong.app */ = {isa = PBXFileReference; explicitFileType = wrapper.application; includeInIndex = 0; path = MVVM_FindSong.app; sourceTree = BUILT_PRODUCTS_DIR; };
		844823AA1D2FEA4C00EDB678 /* AppDelegate.swift */ = {isa = PBXFileReference; lastKnownFileType = sourcecode.swift; path = AppDelegate.swift; sourceTree = "<group>"; };
		844823B61D2FEA4C00EDB678 /* Info.plist */ = {isa = PBXFileReference; lastKnownFileType = text.plist.xml; path = Info.plist; sourceTree = "<group>"; };
		844823BB1D2FEA4C00EDB678 /* MVVM_FindSongTests.xctest */ = {isa = PBXFileReference; explicitFileType = wrapper.cfbundle; includeInIndex = 0; path = MVVM_FindSongTests.xctest; sourceTree = BUILT_PRODUCTS_DIR; };
		844823BF1D2FEA4C00EDB678 /* MVVM_FindSongTests.swift */ = {isa = PBXFileReference; lastKnownFileType = sourcecode.swift; path = MVVM_FindSongTests.swift; sourceTree = "<group>"; };
		844823C11D2FEA4C00EDB678 /* Info.plist */ = {isa = PBXFileReference; lastKnownFileType = text.plist.xml; path = Info.plist; sourceTree = "<group>"; };
		844823CD1D2FEB4400EDB678 /* Song.swift */ = {isa = PBXFileReference; fileEncoding = 4; lastKnownFileType = sourcecode.swift; path = Song.swift; sourceTree = "<group>"; };
		844823CF1D2FEDA500EDB678 /* AppleSongSearch.swift */ = {isa = PBXFileReference; fileEncoding = 4; lastKnownFileType = sourcecode.swift; path = AppleSongSearch.swift; sourceTree = "<group>"; };
		844823D11D2FEEC500EDB678 /* File */ = {isa = PBXFileReference; fileEncoding = 4; lastKnownFileType = text; path = File; sourceTree = "<group>"; };
		844823D71D2FF44600EDB678 /* ListViewController.xib */ = {isa = PBXFileReference; fileEncoding = 4; lastKnownFileType = file.xib; path = ListViewController.xib; sourceTree = "<group>"; };
		844823D91D2FF47B00EDB678 /* ListViewController.swift */ = {isa = PBXFileReference; fileEncoding = 4; lastKnownFileType = sourcecode.swift; path = ListViewController.swift; sourceTree = "<group>"; };
		844823DB1D33859E00EDB678 /* Launch Screen.storyboard */ = {isa = PBXFileReference; fileEncoding = 4; lastKnownFileType = file.storyboard; path = "Launch Screen.storyboard"; sourceTree = "<group>"; };
		844823DF1D338B3100EDB678 /* SongCell.xib */ = {isa = PBXFileReference; fileEncoding = 4; lastKnownFileType = file.xib; path = SongCell.xib; sourceTree = "<group>"; };
		844823E11D338B4700EDB678 /* SongCell.swift */ = {isa = PBXFileReference; fileEncoding = 4; lastKnownFileType = sourcecode.swift; path = SongCell.swift; sourceTree = "<group>"; };
		845DDAF31D36554500477F71 /* Media.xcassets */ = {isa = PBXFileReference; lastKnownFileType = folder.assetcatalog; path = Media.xcassets; sourceTree = "<group>"; };
		849322201D33CFA000A0AF97 /* DetailViewController.swift */ = {isa = PBXFileReference; fileEncoding = 4; lastKnownFileType = sourcecode.swift; path = DetailViewController.swift; sourceTree = "<group>"; };
		849322221D33CFB600A0AF97 /* DetailViewController.xib */ = {isa = PBXFileReference; fileEncoding = 4; lastKnownFileType = file.xib; path = DetailViewController.xib; sourceTree = "<group>"; };
		84AE51C31D34DDA6003FCD2B /* defaultCover60.png */ = {isa = PBXFileReference; lastKnownFileType = image.png; path = defaultCover60.png; sourceTree = "<group>"; };
		84AE51C41D34DDA6003FCD2B /* defaultCover200.png */ = {isa = PBXFileReference; lastKnownFileType = image.png; path = defaultCover200.png; sourceTree = "<group>"; };
/* End PBXFileReference section */

/* Begin PBXFrameworksBuildPhase section */
		844823A41D2FEA4C00EDB678 /* Frameworks */ = {
			isa = PBXFrameworksBuildPhase;
			buildActionMask = 2147483647;
			files = (
			);
			runOnlyForDeploymentPostprocessing = 0;
		};
		844823B81D2FEA4C00EDB678 /* Frameworks */ = {
			isa = PBXFrameworksBuildPhase;
			buildActionMask = 2147483647;
			files = (
			);
			runOnlyForDeploymentPostprocessing = 0;
		};
/* End PBXFrameworksBuildPhase section */

/* Begin PBXGroup section */
		8448239E1D2FEA4C00EDB678 = {
			isa = PBXGroup;
			children = (
				33A0EB1B1D36CB8B00110B52 /* MorseDictionary.swift */,
				844823D11D2FEEC500EDB678 /* File */,
				844823A91D2FEA4C00EDB678 /* MVVM_FindSong */,
				845DDAF51D36586800477F71 /* images */,
				845DDAF61D36588300477F71 /* Resources */,
				844823BE1D2FEA4C00EDB678 /* MVVM_FindSongTests */,
				844823A81D2FEA4C00EDB678 /* Products */,
			);
			sourceTree = "<group>";
		};
		844823A81D2FEA4C00EDB678 /* Products */ = {
			isa = PBXGroup;
			children = (
				844823A71D2FEA4C00EDB678 /* MVVM_FindSong.app */,
				844823BB1D2FEA4C00EDB678 /* MVVM_FindSongTests.xctest */,
			);
			name = Products;
			sourceTree = "<group>";
		};
		844823A91D2FEA4C00EDB678 /* MVVM_FindSong */ = {
			isa = PBXGroup;
			children = (
				844823AA1D2FEA4C00EDB678 /* AppDelegate.swift */,
				844823CA1D2FEB0300EDB678 /* Model */,
				844823CB1D2FEB1000EDB678 /* ViewModel */,
				844823CC1D2FEB1A00EDB678 /* View */,
			);
			path = MVVM_FindSong;
			sourceTree = "<group>";
		};
		844823BE1D2FEA4C00EDB678 /* MVVM_FindSongTests */ = {
			isa = PBXGroup;
			children = (
				844823BF1D2FEA4C00EDB678 /* MVVM_FindSongTests.swift */,
				844823C11D2FEA4C00EDB678 /* Info.plist */,
			);
			path = MVVM_FindSongTests;
			sourceTree = "<group>";
		};
		844823CA1D2FEB0300EDB678 /* Model */ = {
			isa = PBXGroup;
			children = (
				844823CD1D2FEB4400EDB678 /* Song.swift */,
				841C0FCB1D351B8200110803 /* Player.swift */,
				841C0FC91D35135900110803 /* Download.swift */,
				844823CF1D2FEDA500EDB678 /* AppleSongSearch.swift */,
				841C0FC71D34E2EE00110803 /* ExtensionsHelper.swift */,
			);
			name = Model;
			sourceTree = "<group>";
		};
		844823CB1D2FEB1000EDB678 /* ViewModel */ = {
			isa = PBXGroup;
			children = (
			);
			name = ViewModel;
			sourceTree = "<group>";
		};
		844823CC1D2FEB1A00EDB678 /* View */ = {
			isa = PBXGroup;
			children = (
				844823E11D338B4700EDB678 /* SongCell.swift */,
				844823DF1D338B3100EDB678 /* SongCell.xib */,
				844823D91D2FF47B00EDB678 /* ListViewController.swift */,
				844823D71D2FF44600EDB678 /* ListViewController.xib */,
				849322201D33CFA000A0AF97 /* DetailViewController.swift */,
				849322221D33CFB600A0AF97 /* DetailViewController.xib */,
			);
			name = View;
			sourceTree = "<group>";
		};
		845DDAF51D36586800477F71 /* images */ = {
			isa = PBXGroup;
			children = (
				84AE51C31D34DDA6003FCD2B /* defaultCover60.png */,
				84AE51C41D34DDA6003FCD2B /* defaultCover200.png */,
			);
			name = images;
			sourceTree = "<group>";
		};
		845DDAF61D36588300477F71 /* Resources */ = {
			isa = PBXGroup;
			children = (
				845DDAF31D36554500477F71 /* Media.xcassets */,
				844823B61D2FEA4C00EDB678 /* Info.plist */,
				844823DB1D33859E00EDB678 /* Launch Screen.storyboard */,
			);
			name = Resources;
			path = MVVM_FindSong;
			sourceTree = "<group>";
		};
/* End PBXGroup section */

/* Begin PBXNativeTarget section */
		844823A61D2FEA4C00EDB678 /* MVVM_FindSong */ = {
			isa = PBXNativeTarget;
			buildConfigurationList = 844823C41D2FEA4D00EDB678 /* Build configuration list for PBXNativeTarget "MVVM_FindSong" */;
			buildPhases = (
				844823A31D2FEA4C00EDB678 /* Sources */,
				844823A41D2FEA4C00EDB678 /* Frameworks */,
				844823A51D2FEA4C00EDB678 /* Resources */,
			);
			buildRules = (
			);
			dependencies = (
			);
			name = MVVM_FindSong;
			productName = MVVM_FindSong;
			productReference = 844823A71D2FEA4C00EDB678 /* MVVM_FindSong.app */;
			productType = "com.apple.product-type.application";
		};
		844823BA1D2FEA4C00EDB678 /* MVVM_FindSongTests */ = {
			isa = PBXNativeTarget;
			buildConfigurationList = 844823C71D2FEA4D00EDB678 /* Build configuration list for PBXNativeTarget "MVVM_FindSongTests" */;
			buildPhases = (
				844823B71D2FEA4C00EDB678 /* Sources */,
				844823B81D2FEA4C00EDB678 /* Frameworks */,
				844823B91D2FEA4C00EDB678 /* Resources */,
			);
			buildRules = (
			);
			dependencies = (
				844823BD1D2FEA4C00EDB678 /* PBXTargetDependency */,
			);
			name = MVVM_FindSongTests;
			productName = MVVM_FindSongTests;
			productReference = 844823BB1D2FEA4C00EDB678 /* MVVM_FindSongTests.xctest */;
			productType = "com.apple.product-type.bundle.unit-test";
		};
/* End PBXNativeTarget section */

/* Begin PBXProject section */
		8448239F1D2FEA4C00EDB678 /* Project object */ = {
			isa = PBXProject;
			attributes = {
				LastSwiftUpdateCheck = 0730;
				LastUpgradeCheck = 0730;
				ORGANIZATIONNAME = "Adrian TABIRTA";
				TargetAttributes = {
					844823A61D2FEA4C00EDB678 = {
						CreatedOnToolsVersion = 7.3.1;
						DevelopmentTeam = MXHD4G8GB5;
						SystemCapabilities = {
							com.apple.BackgroundModes = {
								enabled = 0;
							};
						};
					};
					844823BA1D2FEA4C00EDB678 = {
						CreatedOnToolsVersion = 7.3.1;
						TestTargetID = 844823A61D2FEA4C00EDB678;
					};
				};
			};
			buildConfigurationList = 844823A21D2FEA4C00EDB678 /* Build configuration list for PBXProject "MVVM_FindSong" */;
			compatibilityVersion = "Xcode 3.2";
			developmentRegion = English;
			hasScannedForEncodings = 0;
			knownRegions = (
				en,
				Base,
			);
			mainGroup = 8448239E1D2FEA4C00EDB678;
			productRefGroup = 844823A81D2FEA4C00EDB678 /* Products */;
			projectDirPath = "";
			projectRoot = "";
			targets = (
				844823A61D2FEA4C00EDB678 /* MVVM_FindSong */,
				844823BA1D2FEA4C00EDB678 /* MVVM_FindSongTests */,
			);
		};
/* End PBXProject section */

/* Begin PBXResourcesBuildPhase section */
		844823A51D2FEA4C00EDB678 /* Resources */ = {
			isa = PBXResourcesBuildPhase;
			buildActionMask = 2147483647;
			files = (
				844823D21D2FEEC500EDB678 /* File in Resources */,
				849322231D33CFB600A0AF97 /* DetailViewController.xib in Resources */,
				844823E01D338B3100EDB678 /* SongCell.xib in Resources */,
				844823D81D2FF44600EDB678 /* ListViewController.xib in Resources */,
				844823DC1D33859E00EDB678 /* Launch Screen.storyboard in Resources */,
				84AE51C61D34DDA6003FCD2B /* defaultCover200.png in Resources */,
				845DDAF41D36554500477F71 /* Media.xcassets in Resources */,
				84AE51C51D34DDA6003FCD2B /* defaultCover60.png in Resources */,
			);
			runOnlyForDeploymentPostprocessing = 0;
		};
		844823B91D2FEA4C00EDB678 /* Resources */ = {
			isa = PBXResourcesBuildPhase;
			buildActionMask = 2147483647;
			files = (
			);
			runOnlyForDeploymentPostprocessing = 0;
		};
/* End PBXResourcesBuildPhase section */

/* Begin PBXSourcesBuildPhase section */
		844823A31D2FEA4C00EDB678 /* Sources */ = {
			isa = PBXSourcesBuildPhase;
			buildActionMask = 2147483647;
			files = (
				849322211D33CFA000A0AF97 /* DetailViewController.swift in Sources */,
				841C0FCA1D35135900110803 /* Download.swift in Sources */,
				844823E21D338B4700EDB678 /* SongCell.swift in Sources */,
				844823CE1D2FEB4400EDB678 /* Song.swift in Sources */,
				841C0FC81D34E2EE00110803 /* ExtensionsHelper.swift in Sources */,
				844823AB1D2FEA4C00EDB678 /* AppDelegate.swift in Sources */,
				844823D01D2FEDA500EDB678 /* AppleSongSearch.swift in Sources */,
				841C0FCC1D351B8200110803 /* Player.swift in Sources */,
				33A0EB1C1D36CB8B00110B52 /* MorseDictionary.swift in Sources */,
				844823DA1D2FF47B00EDB678 /* ListViewController.swift in Sources */,
			);
			runOnlyForDeploymentPostprocessing = 0;
		};
		844823B71D2FEA4C00EDB678 /* Sources */ = {
			isa = PBXSourcesBuildPhase;
			buildActionMask = 2147483647;
			files = (
				844823C01D2FEA4C00EDB678 /* MVVM_FindSongTests.swift in Sources */,
			);
			runOnlyForDeploymentPostprocessing = 0;
		};
/* End PBXSourcesBuildPhase section */

/* Begin PBXTargetDependency section */
		844823BD1D2FEA4C00EDB678 /* PBXTargetDependency */ = {
			isa = PBXTargetDependency;
			target = 844823A61D2FEA4C00EDB678 /* MVVM_FindSong */;
			targetProxy = 844823BC1D2FEA4C00EDB678 /* PBXContainerItemProxy */;
		};
/* End PBXTargetDependency section */

/* Begin XCBuildConfiguration section */
		844823C21D2FEA4D00EDB678 /* Debug */ = {
			isa = XCBuildConfiguration;
			buildSettings = {
				ALWAYS_SEARCH_USER_PATHS = NO;
				CLANG_ANALYZER_NONNULL = YES;
				CLANG_CXX_LANGUAGE_STANDARD = "gnu++0x";
				CLANG_CXX_LIBRARY = "libc++";
				CLANG_ENABLE_MODULES = YES;
				CLANG_ENABLE_OBJC_ARC = YES;
				CLANG_WARN_BOOL_CONVERSION = YES;
				CLANG_WARN_CONSTANT_CONVERSION = YES;
				CLANG_WARN_DIRECT_OBJC_ISA_USAGE = YES_ERROR;
				CLANG_WARN_EMPTY_BODY = YES;
				CLANG_WARN_ENUM_CONVERSION = YES;
				CLANG_WARN_INT_CONVERSION = YES;
				CLANG_WARN_OBJC_ROOT_CLASS = YES_ERROR;
				CLANG_WARN_UNREACHABLE_CODE = YES;
				CLANG_WARN__DUPLICATE_METHOD_MATCH = YES;
				"CODE_SIGN_IDENTITY[sdk=iphoneos*]" = "iPhone Developer";
				COPY_PHASE_STRIP = NO;
				DEBUG_INFORMATION_FORMAT = dwarf;
				ENABLE_STRICT_OBJC_MSGSEND = YES;
				ENABLE_TESTABILITY = YES;
				GCC_C_LANGUAGE_STANDARD = gnu99;
				GCC_DYNAMIC_NO_PIC = NO;
				GCC_NO_COMMON_BLOCKS = YES;
				GCC_OPTIMIZATION_LEVEL = 0;
				GCC_PREPROCESSOR_DEFINITIONS = (
					"DEBUG=1",
					"$(inherited)",
				);
				GCC_WARN_64_TO_32_BIT_CONVERSION = YES;
				GCC_WARN_ABOUT_RETURN_TYPE = YES_ERROR;
				GCC_WARN_UNDECLARED_SELECTOR = YES;
				GCC_WARN_UNINITIALIZED_AUTOS = YES_AGGRESSIVE;
				GCC_WARN_UNUSED_FUNCTION = YES;
				GCC_WARN_UNUSED_VARIABLE = YES;
				IPHONEOS_DEPLOYMENT_TARGET = 9.3;
				MTL_ENABLE_DEBUG_INFO = YES;
				ONLY_ACTIVE_ARCH = YES;
				SDKROOT = iphoneos;
				SWIFT_OPTIMIZATION_LEVEL = "-Onone";
			};
			name = Debug;
		};
		844823C31D2FEA4D00EDB678 /* Release */ = {
			isa = XCBuildConfiguration;
			buildSettings = {
				ALWAYS_SEARCH_USER_PATHS = NO;
				CLANG_ANALYZER_NONNULL = YES;
				CLANG_CXX_LANGUAGE_STANDARD = "gnu++0x";
				CLANG_CXX_LIBRARY = "libc++";
				CLANG_ENABLE_MODULES = YES;
				CLANG_ENABLE_OBJC_ARC = YES;
				CLANG_WARN_BOOL_CONVERSION = YES;
				CLANG_WARN_CONSTANT_CONVERSION = YES;
				CLANG_WARN_DIRECT_OBJC_ISA_USAGE = YES_ERROR;
				CLANG_WARN_EMPTY_BODY = YES;
				CLANG_WARN_ENUM_CONVERSION = YES;
				CLANG_WARN_INT_CONVERSION = YES;
				CLANG_WARN_OBJC_ROOT_CLASS = YES_ERROR;
				CLANG_WARN_UNREACHABLE_CODE = YES;
				CLANG_WARN__DUPLICATE_METHOD_MATCH = YES;
				"CODE_SIGN_IDENTITY[sdk=iphoneos*]" = "iPhone Developer";
				COPY_PHASE_STRIP = NO;
				DEBUG_INFORMATION_FORMAT = "dwarf-with-dsym";
				ENABLE_NS_ASSERTIONS = NO;
				ENABLE_STRICT_OBJC_MSGSEND = YES;
				GCC_C_LANGUAGE_STANDARD = gnu99;
				GCC_NO_COMMON_BLOCKS = YES;
				GCC_WARN_64_TO_32_BIT_CONVERSION = YES;
				GCC_WARN_ABOUT_RETURN_TYPE = YES_ERROR;
				GCC_WARN_UNDECLARED_SELECTOR = YES;
				GCC_WARN_UNINITIALIZED_AUTOS = YES_AGGRESSIVE;
				GCC_WARN_UNUSED_FUNCTION = YES;
				GCC_WARN_UNUSED_VARIABLE = YES;
				IPHONEOS_DEPLOYMENT_TARGET = 9.3;
				MTL_ENABLE_DEBUG_INFO = NO;
				SDKROOT = iphoneos;
				VALIDATE_PRODUCT = YES;
			};
			name = Release;
		};
		844823C51D2FEA4D00EDB678 /* Debug */ = {
			isa = XCBuildConfiguration;
			buildSettings = {
				ASSETCATALOG_COMPILER_APPICON_NAME = AppIcon;
				CODE_SIGN_IDENTITY = "iPhone Developer";
				INFOPLIST_FILE = MVVM_FindSong/Info.plist;
				LD_RUNPATH_SEARCH_PATHS = "$(inherited) @executable_path/Frameworks";
				PRODUCT_BUNDLE_IDENTIFIER = "com.adriantabirta.MVVM-FindSong";
				PRODUCT_NAME = "$(TARGET_NAME)";
			};
			name = Debug;
		};
		844823C61D2FEA4D00EDB678 /* Release */ = {
			isa = XCBuildConfiguration;
			buildSettings = {
				ASSETCATALOG_COMPILER_APPICON_NAME = AppIcon;
				CODE_SIGN_IDENTITY = "iPhone Developer";
				INFOPLIST_FILE = MVVM_FindSong/Info.plist;
				LD_RUNPATH_SEARCH_PATHS = "$(inherited) @executable_path/Frameworks";
				PRODUCT_BUNDLE_IDENTIFIER = "com.adriantabirta.MVVM-FindSong";
				PRODUCT_NAME = "$(TARGET_NAME)";
			};
			name = Release;
		};
		844823C81D2FEA4D00EDB678 /* Debug */ = {
			isa = XCBuildConfiguration;
			buildSettings = {
				BUNDLE_LOADER = "$(TEST_HOST)";
				INFOPLIST_FILE = MVVM_FindSongTests/Info.plist;
				LD_RUNPATH_SEARCH_PATHS = "$(inherited) @executable_path/Frameworks @loader_path/Frameworks";
				PRODUCT_BUNDLE_IDENTIFIER = "com.adriantabirta.MVVM-FindSongTests";
				PRODUCT_NAME = "$(TARGET_NAME)";
				TEST_HOST = "$(BUILT_PRODUCTS_DIR)/MVVM_FindSong.app/MVVM_FindSong";
			};
			name = Debug;
		};
		844823C91D2FEA4D00EDB678 /* Release */ = {
			isa = XCBuildConfiguration;
			buildSettings = {
				BUNDLE_LOADER = "$(TEST_HOST)";
				INFOPLIST_FILE = MVVM_FindSongTests/Info.plist;
				LD_RUNPATH_SEARCH_PATHS = "$(inherited) @executable_path/Frameworks @loader_path/Frameworks";
				PRODUCT_BUNDLE_IDENTIFIER = "com.adriantabirta.MVVM-FindSongTests";
				PRODUCT_NAME = "$(TARGET_NAME)";
				TEST_HOST = "$(BUILT_PRODUCTS_DIR)/MVVM_FindSong.app/MVVM_FindSong";
			};
			name = Release;
		};
/* End XCBuildConfiguration section */

/* Begin XCConfigurationList section */
		844823A21D2FEA4C00EDB678 /* Build configuration list for PBXProject "MVVM_FindSong" */ = {
			isa = XCConfigurationList;
			buildConfigurations = (
				844823C21D2FEA4D00EDB678 /* Debug */,
				844823C31D2FEA4D00EDB678 /* Release */,
			);
			defaultConfigurationIsVisible = 0;
			defaultConfigurationName = Release;
		};
		844823C41D2FEA4D00EDB678 /* Build configuration list for PBXNativeTarget "MVVM_FindSong" */ = {
			isa = XCConfigurationList;
			buildConfigurations = (
				844823C51D2FEA4D00EDB678 /* Debug */,
				844823C61D2FEA4D00EDB678 /* Release */,
			);
			defaultConfigurationIsVisible = 0;
			defaultConfigurationName = Release;
		};
		844823C71D2FEA4D00EDB678 /* Build configuration list for PBXNativeTarget "MVVM_FindSongTests" */ = {
			isa = XCConfigurationList;
			buildConfigurations = (
				844823C81D2FEA4D00EDB678 /* Debug */,
				844823C91D2FEA4D00EDB678 /* Release */,
			);
			defaultConfigurationIsVisible = 0;
			defaultConfigurationName = Release;
		};
/* End XCConfigurationList section */
	};
	rootObject = 8448239F1D2FEA4C00EDB678 /* Project object */;
}
